
Microsoft Visual Studio Solution File, Format Version 12.00
# Visual Studio Version 16
VisualStudioVersion = 16.0.29709.97
MinimumVisualStudioVersion = 10.0.40219.1
Project("{00D1A9C2-B5F0-4AF3-8072-F6C62B433612}") = "YourDesignDB", "YourDesignDB\YourDesignDB.sqlproj", "{81DACC3D-2E19-4EEB-AB04-27D63852FAA3}"
EndProject
Project("{9A19103F-16F7-4668-BE54-9A1E7A4F7556}") = "Admin", "Admin\Admin.csproj", "{AC111BC1-4F75-479F-99F1-A2D8E2FC3330}"
EndProject
Project("{9A19103F-16F7-4668-BE54-9A1E7A4F7556}") = "DataAccess", "DataAccess\DataAccess.csproj", "{00F4819F-D6D8-4849-B1D0-EDAD18F5BD8D}"
EndProject
Project("{9A19103F-16F7-4668-BE54-9A1E7A4F7556}") = "WEB API", "WEB API\WEB API.csproj", "{D3EA3E5D-71DD-4D04-868E-3EE9165CD0C3}"
EndProject
Project("{9A19103F-16F7-4668-BE54-9A1E7A4F7556}") = "Test", "Test\Test.csproj", "{FBA56CF0-A4A3-4067-A889-6693FFD7FFA0}"
EndProject
Global
	GlobalSection(SolutionConfigurationPlatforms) = preSolution
		Debug|Any CPU = Debug|Any CPU
		Release|Any CPU = Release|Any CPU
	EndGlobalSection
	GlobalSection(ProjectConfigurationPlatforms) = postSolution
		{81DACC3D-2E19-4EEB-AB04-27D63852FAA3}.Debug|Any CPU.ActiveCfg = Debug|Any CPU
		{81DACC3D-2E19-4EEB-AB04-27D63852FAA3}.Debug|Any CPU.Build.0 = Debug|Any CPU
		{81DACC3D-2E19-4EEB-AB04-27D63852FAA3}.Debug|Any CPU.Deploy.0 = Debug|Any CPU
		{81DACC3D-2E19-4EEB-AB04-27D63852FAA3}.Release|Any CPU.ActiveCfg = Release|Any CPU
		{81DACC3D-2E19-4EEB-AB04-27D63852FAA3}.Release|Any CPU.Build.0 = Release|Any CPU
		{81DACC3D-2E19-4EEB-AB04-27D63852FAA3}.Release|Any CPU.Deploy.0 = Release|Any CPU
		{AC111BC1-4F75-479F-99F1-A2D8E2FC3330}.Debug|Any CPU.ActiveCfg = Debug|Any CPU
		{AC111BC1-4F75-479F-99F1-A2D8E2FC3330}.Debug|Any CPU.Build.0 = Debug|Any CPU
		{AC111BC1-4F75-479F-99F1-A2D8E2FC3330}.Release|Any CPU.ActiveCfg = Release|Any CPU
		{AC111BC1-4F75-479F-99F1-A2D8E2FC3330}.Release|Any CPU.Build.0 = Release|Any CPU
		{00F4819F-D6D8-4849-B1D0-EDAD18F5BD8D}.Debug|Any CPU.ActiveCfg = Debug|Any CPU
		{00F4819F-D6D8-4849-B1D0-EDAD18F5BD8D}.Debug|Any CPU.Build.0 = Debug|Any CPU
		{00F4819F-D6D8-4849-B1D0-EDAD18F5BD8D}.Release|Any CPU.ActiveCfg = Release|Any CPU
		{00F4819F-D6D8-4849-B1D0-EDAD18F5BD8D}.Release|Any CPU.Build.0 = Release|Any CPU
		{D3EA3E5D-71DD-4D04-868E-3EE9165CD0C3}.Debug|Any CPU.ActiveCfg = Debug|Any CPU
		{D3EA3E5D-71DD-4D04-868E-3EE9165CD0C3}.Debug|Any CPU.Build.0 = Debug|Any CPU
		{D3EA3E5D-71DD-4D04-868E-3EE9165CD0C3}.Release|Any CPU.ActiveCfg = Release|Any CPU
		{D3EA3E5D-71DD-4D04-868E-3EE9165CD0C3}.Release|Any CPU.Build.0 = Release|Any CPU
		{FBA56CF0-A4A3-4067-A889-6693FFD7FFA0}.Debug|Any CPU.ActiveCfg = Debug|Any CPU
		{FBA56CF0-A4A3-4067-A889-6693FFD7FFA0}.Debug|Any CPU.Build.0 = Debug|Any CPU
		{FBA56CF0-A4A3-4067-A889-6693FFD7FFA0}.Release|Any CPU.ActiveCfg = Release|Any CPU
		{FBA56CF0-A4A3-4067-A889-6693FFD7FFA0}.Release|Any CPU.Build.0 = Release|Any CPU
	EndGlobalSection
	GlobalSection(SolutionProperties) = preSolution
		HideSolutionNode = FALSE
	EndGlobalSection
	GlobalSection(ExtensibilityGlobals) = postSolution
		SolutionGuid = {A600CAE9-FAA0-4C7A-98FB-C32E41D1A55B}
	EndGlobalSection
EndGlobal
